
Microsoft Visual Studio Solution File, Format Version 12.00
# Visual Studio Version 16
VisualStudioVersion = 16.0.31829.152
MinimumVisualStudioVersion = 10.0.40219.1
Project("{FAE04EC0-301F-11D3-BF4B-00C04F79EFBC}") = "ExerciseIfElse", "ExerciseIfElse\ExerciseIfElse.csproj", "{104AAAD7-2F6F-42C4-BD14-609174D7D8A5}"
EndProject
Global
	GlobalSection(SolutionConfigurationPlatforms) = preSolution
		Debug|Any CPU = Debug|Any CPU
		Release|Any CPU = Release|Any CPU
	EndGlobalSection
	GlobalSection(ProjectConfigurationPlatforms) = postSolution
		{104AAAD7-2F6F-42C4-BD14-609174D7D8A5}.Debug|Any CPU.ActiveCfg = Debug|Any CPU
		{104AAAD7-2F6F-42C4-BD14-609174D7D8A5}.Debug|Any CPU.Build.0 = Debug|Any CPU
		{104AAAD7-2F6F-42C4-BD14-609174D7D8A5}.Release|Any CPU.ActiveCfg = Release|Any CPU
		{104AAAD7-2F6F-42C4-BD14-609174D7D8A5}.Release|Any CPU.Build.0 = Release|Any CPU
	EndGlobalSection
	GlobalSection(SolutionProperties) = preSolution
		HideSolutionNode = FALSE
	EndGlobalSection
	GlobalSection(ExtensibilityGlobals) = postSolution
		SolutionGuid = {A9D5CA76-3610-455D-9F8C-5C2C74164BD8}
	EndGlobalSection
EndGlobal
